
Microsoft Visual Studio Solution File, Format Version 12.00
# Visual Studio 15
VisualStudioVersion = 15.0.36530.23
MinimumVisualStudioVersion = 10.0.40219.1
Project("{FAE04EC0-301F-11D3-BF4B-00C04F79EFBC}") = "ESubmissionSystem", "ESubmissionSystem\ESubmissionSystem.csproj", "{1086F9E4-4A95-4262-A689-8343E0E48348}"
EndProject
Global
	GlobalSection(SolutionConfigurationPlatforms) = preSolution
		Debug|Any CPU = Debug|Any CPU
		Release|Any CPU = Release|Any CPU
	EndGlobalSection
	GlobalSection(ProjectConfigurationPlatforms) = postSolution
		{1086F9E4-4A95-4262-A689-8343E0E48348}.Debug|Any CPU.ActiveCfg = Debug|Any CPU
		{1086F9E4-4A95-4262-A689-8343E0E48348}.Debug|Any CPU.Build.0 = Debug|Any CPU
		{1086F9E4-4A95-4262-A689-8343E0E48348}.Release|Any CPU.ActiveCfg = Release|Any CPU
		{1086F9E4-4A95-4262-A689-8343E0E48348}.Release|Any CPU.Build.0 = Release|Any CPU
	EndGlobalSection
	GlobalSection(SolutionProperties) = preSolution
		HideSolutionNode = FALSE
	EndGlobalSection
	GlobalSection(ExtensibilityGlobals) = postSolution
		SolutionGuid = {D1F36C0C-F51A-4713-B226-284C99E43398}
	EndGlobalSection
EndGlobal
